
Microsoft Visual Studio Solution File, Format Version 12.00
# Visual Studio Version 16
VisualStudioVersion = 16.0.30611.23
MinimumVisualStudioVersion = 10.0.40219.1
Project("{888888A0-9F3D-457C-B088-3A5042F75D52}") = "pruebagitt", "pruebagitt.pyproj", "{0D8CB731-B64A-4EE2-BC2A-08CF0ECF78E6}"
EndProject
Global
	GlobalSection(SolutionConfigurationPlatforms) = preSolution
		Debug|Any CPU = Debug|Any CPU
		Release|Any CPU = Release|Any CPU
	EndGlobalSection
	GlobalSection(ProjectConfigurationPlatforms) = postSolution
		{0D8CB731-B64A-4EE2-BC2A-08CF0ECF78E6}.Debug|Any CPU.ActiveCfg = Debug|Any CPU
		{0D8CB731-B64A-4EE2-BC2A-08CF0ECF78E6}.Release|Any CPU.ActiveCfg = Release|Any CPU
	EndGlobalSection
	GlobalSection(SolutionProperties) = preSolution
		HideSolutionNode = FALSE
	EndGlobalSection
	GlobalSection(ExtensibilityGlobals) = postSolution
		SolutionGuid = {3F7A44F7-B55C-4F47-B6B1-F55B9DDEB3FB}
	EndGlobalSection
EndGlobal
